
Microsoft Visual Studio Solution File, Format Version 12.00
# Visual Studio Version 16
VisualStudioVersion = 16.0.29709.97
MinimumVisualStudioVersion = 10.0.40219.1
Project("{FAE04EC0-301F-11D3-BF4B-00C04F79EFBC}") = "Biblioteca", "Biblioteca\Biblioteca.csproj", "{497BBCC4-3A21-4BBB-A5B1-9FD838869B15}"
EndProject
Global
	GlobalSection(SolutionConfigurationPlatforms) = preSolution
		Debug|Any CPU = Debug|Any CPU
		Release|Any CPU = Release|Any CPU
	EndGlobalSection
	GlobalSection(ProjectConfigurationPlatforms) = postSolution
		{497BBCC4-3A21-4BBB-A5B1-9FD838869B15}.Debug|Any CPU.ActiveCfg = Debug|Any CPU
		{497BBCC4-3A21-4BBB-A5B1-9FD838869B15}.Debug|Any CPU.Build.0 = Debug|Any CPU
		{497BBCC4-3A21-4BBB-A5B1-9FD838869B15}.Release|Any CPU.ActiveCfg = Release|Any CPU
		{497BBCC4-3A21-4BBB-A5B1-9FD838869B15}.Release|Any CPU.Build.0 = Release|Any CPU
	EndGlobalSection
	GlobalSection(SolutionProperties) = preSolution
		HideSolutionNode = FALSE
	EndGlobalSection
	GlobalSection(ExtensibilityGlobals) = postSolution
		SolutionGuid = {367BD004-187E-4F3D-AA01-2E82A54C4BFC}
	EndGlobalSection
EndGlobal
